
Microsoft Visual Studio Solution File, Format Version 12.00
# Visual Studio 15
VisualStudioVersion = 15.0.28307.779
MinimumVisualStudioVersion = 10.0.40219.1
Project("{9A19103F-16F7-4668-BE54-9A1E7A4F7556}") = "ProductReviewsAPI", "ProductReviewsAPI\ProductReviewsAPI.csproj", "{D16F7161-24CC-4C90-AD7B-C050D1778DF1}"
EndProject
Global
	GlobalSection(SolutionConfigurationPlatforms) = preSolution
		Debug|Any CPU = Debug|Any CPU
		Release|Any CPU = Release|Any CPU
	EndGlobalSection
	GlobalSection(ProjectConfigurationPlatforms) = postSolution
		{D16F7161-24CC-4C90-AD7B-C050D1778DF1}.Debug|Any CPU.ActiveCfg = Debug|Any CPU
		{D16F7161-24CC-4C90-AD7B-C050D1778DF1}.Debug|Any CPU.Build.0 = Debug|Any CPU
		{D16F7161-24CC-4C90-AD7B-C050D1778DF1}.Release|Any CPU.ActiveCfg = Release|Any CPU
		{D16F7161-24CC-4C90-AD7B-C050D1778DF1}.Release|Any CPU.Build.0 = Release|Any CPU
	EndGlobalSection
	GlobalSection(SolutionProperties) = preSolution
		HideSolutionNode = FALSE
	EndGlobalSection
	GlobalSection(ExtensibilityGlobals) = postSolution
		SolutionGuid = {2ACD1A22-BEBE-4B85-8FB4-A36FC404EC54}
	EndGlobalSection
EndGlobal
